
Microsoft Visual Studio Solution File, Format Version 12.00
# Visual Studio Version 17
VisualStudioVersion = 17.5.33516.290
MinimumVisualStudioVersion = 10.0.40219.1
Project("{FAE04EC0-301F-11D3-BF4B-00C04F79EFBC}") = "soru10_orjinalsayi", "soru10_orjinalsayi\soru10_orjinalsayi.csproj", "{DB0CF853-AEE0-48B7-ACCD-7B6B8CE360AF}"
EndProject
Global
	GlobalSection(SolutionConfigurationPlatforms) = preSolution
		Debug|Any CPU = Debug|Any CPU
		Release|Any CPU = Release|Any CPU
	EndGlobalSection
	GlobalSection(ProjectConfigurationPlatforms) = postSolution
		{DB0CF853-AEE0-48B7-ACCD-7B6B8CE360AF}.Debug|Any CPU.ActiveCfg = Debug|Any CPU
		{DB0CF853-AEE0-48B7-ACCD-7B6B8CE360AF}.Debug|Any CPU.Build.0 = Debug|Any CPU
		{DB0CF853-AEE0-48B7-ACCD-7B6B8CE360AF}.Release|Any CPU.ActiveCfg = Release|Any CPU
		{DB0CF853-AEE0-48B7-ACCD-7B6B8CE360AF}.Release|Any CPU.Build.0 = Release|Any CPU
	EndGlobalSection
	GlobalSection(SolutionProperties) = preSolution
		HideSolutionNode = FALSE
	EndGlobalSection
	GlobalSection(ExtensibilityGlobals) = postSolution
		SolutionGuid = {B5384C2E-34FC-43E9-A343-6CEC86CD5987}
	EndGlobalSection
EndGlobal
